<?xml version="1.0" encoding="utf-8"?>
<Project ToolsVersion="4.0" xmlns="http://schemas.microsoft.com/developer/msbuild/2003">
  <ItemGroup>
    <Filter Include="资源文件">
      <UniqueIdentifier>{67DA6AB6-F800-4c08-8B7A-83BB121AAD01}</UniqueIdentifier>
      <Extensions>rc;ico;cur;bmp;dlg;rc2;rct;bin;rgs;gif;jpg;jpeg;jpe;resx;tiff;tif;png;wav;mfcribbon-ms</Extensions>
    </Filter>
    <Filter Include="Source">
      <UniqueIdentifier>{140986a8-5419-416c-a825-92714171e476}</UniqueIdentifier>
    </Filter>
    <Filter Include="Source\Base">
      <UniqueIdentifier>{eaa7c41c-8149-4fdc-9cf1-a06aa0d0ac88}</UniqueIdentifier>
    </Filter>
    <Filter Include="Source\Logic">
      <UniqueIdentifier>{5ae185eb-89bc-4587-92dc-6996d3a9ae04}</UniqueIdentifier>
    </Filter>
    <Filter Include="Source\Base\Common">
      <UniqueIdentifier>{95ef0653-1026-40c6-8115-2ccb46717e29}</UniqueIdentifier>
    </Filter>
    <Filter Include="Source\Base\Data">
      <UniqueIdentifier>{cb746167-e71d-49d2-af06-9cb3702d2a5d}</UniqueIdentifier>
    </Filter>
    <Filter Include="Source\Base\Event">
      <UniqueIdentifier>{7bcd9087-3c85-436b-9e59-28c605e9b14c}</UniqueIdentifier>
    </Filter>
    <Filter Include="Source\Base\Gfx">
      <UniqueIdentifier>{e6c17569-760f-4abe-b856-ec31353c34e5}</UniqueIdentifier>
    </Filter>
    <Filter Include="Source\Base\Win32">
      <UniqueIdentifier>{0ea839f1-b153-4e76-810c-0e17e1ed5a7b}</UniqueIdentifier>
    </Filter>
    <Filter Include="Source\Logic\AI">
      <UniqueIdentifier>{159a0c37-fa33-4ab4-b12e-b44b3f6169b3}</UniqueIdentifier>
    </Filter>
    <Filter Include="Source\Logic\App">
      <UniqueIdentifier>{ad4dc1ef-3909-4cb9-8913-dffe5c80580b}</UniqueIdentifier>
    </Filter>
    <Filter Include="Source\Logic\Bullet">
      <UniqueIdentifier>{95070cb4-5cec-4ce9-a9c9-feee4bfd4525}</UniqueIdentifier>
    </Filter>
    <Filter Include="Source\Logic\ESC">
      <UniqueIdentifier>{85dce1c4-6430-4af7-89b0-5d0967d1c1d4}</UniqueIdentifier>
    </Filter>
    <Filter Include="Source\Logic\GamePlay">
      <UniqueIdentifier>{d28ef591-bed7-4a3d-b3c1-1a9955cd841b}</UniqueIdentifier>
    </Filter>
    <Filter Include="Source\Logic\Pawn">
      <UniqueIdentifier>{8c235cdc-833f-47ab-909e-477d4558da2a}</UniqueIdentifier>
    </Filter>
    <Filter Include="Source\Logic\Skill">
      <UniqueIdentifier>{2c12b8c7-eedb-42a6-9731-e47afa4afbce}</UniqueIdentifier>
    </Filter>
    <Filter Include="Source\Logic\AI\BevTree">
      <UniqueIdentifier>{0e1fcfca-d6d1-4440-a9ef-59e1c8dc0130}</UniqueIdentifier>
    </Filter>
    <Filter Include="Source\Logic\ESC\Core">
      <UniqueIdentifier>{82228b30-966f-420e-bf01-34ccdfe88463}</UniqueIdentifier>
    </Filter>
    <Filter Include="Source\Logic\ESC\User">
      <UniqueIdentifier>{3f9c4f58-3f41-42fd-9eeb-4dffc53953df}</UniqueIdentifier>
    </Filter>
    <Filter Include="Source\Logic\ESC\Core\Component">
      <UniqueIdentifier>{ac5a927d-f3c8-48d0-8494-e20c66807dff}</UniqueIdentifier>
    </Filter>
    <Filter Include="Source\Logic\ESC\Core\Entity">
      <UniqueIdentifier>{7382ebc2-1966-402b-b631-f07209f25d32}</UniqueIdentifier>
    </Filter>
    <Filter Include="Source\Logic\ESC\Core\System">
      <UniqueIdentifier>{2fb2aa39-4d95-4d8d-83e8-10081a5dab1d}</UniqueIdentifier>
    </Filter>
    <Filter Include="Source\Logic\ESC\User\Component">
      <UniqueIdentifier>{66a0ea82-c130-4e4c-90dc-f25173936fd7}</UniqueIdentifier>
    </Filter>
    <Filter Include="Source\Logic\ESC\User\System">
      <UniqueIdentifier>{9e1c2540-70c1-4186-8b85-421d2d183858}</UniqueIdentifier>
    </Filter>
    <Filter Include="Source\Logic\ESC\User\Event">
      <UniqueIdentifier>{95a3e82f-f69b-4596-aa29-e58971735386}</UniqueIdentifier>
    </Filter>
    <Filter Include="Source\Logic\ESC\User\System\Bullet">
      <UniqueIdentifier>{cbd972bc-46f1-4fa7-83eb-03decd549245}</UniqueIdentifier>
    </Filter>
    <Filter Include="Source\Logic\ESC\User\System\Common">
      <UniqueIdentifier>{8a15b924-ebfb-4a55-82e6-a3d8809a2e1c}</UniqueIdentifier>
    </Filter>
    <Filter Include="Source\Logic\ESC\User\System\GamePlay">
      <UniqueIdentifier>{a2863864-81b6-4c33-b5e5-f790f1ee7238}</UniqueIdentifier>
    </Filter>
    <Filter Include="Source\Logic\ESC\User\System\Pawn">
      <UniqueIdentifier>{2ed719fd-bc09-4bf2-825f-991dc37accbf}</UniqueIdentifier>
    </Filter>
    <Filter Include="Source\Logic\Entity">
      <UniqueIdentifier>{e7d0cde6-cc3a-4d0a-a1ba-143a973802f5}</UniqueIdentifier>
    </Filter>
    <Filter Include="Source\Logic\Pawn\Anim">
      <UniqueIdentifier>{56818f6b-2930-47f9-8b17-0e54f115e109}</UniqueIdentifier>
    </Filter>
    <Filter Include="Source\Logic\Pawn\Anim\AnimFSM">
      <UniqueIdentifier>{3eae6c33-2d1e-44d3-9499-46220a2ae3b9}</UniqueIdentifier>
    </Filter>
    <Filter Include="Source\Logic\Pawn\Anim\AnimState">
      <UniqueIdentifier>{dd631534-adfa-429e-9900-26ed33010005}</UniqueIdentifier>
    </Filter>
    <Filter Include="Source\Logic\Pawn\Anim\AnimSet">
      <UniqueIdentifier>{f45cb523-9547-4d78-8ec4-8a58cacb5c95}</UniqueIdentifier>
    </Filter>
    <Filter Include="Source\Logic\App\AppStatus">
      <UniqueIdentifier>{20b7be3e-bd6e-453e-8b3b-614cc98f88c2}</UniqueIdentifier>
    </Filter>
    <Filter Include="Source\Logic\ESC\User\Component\common">
      <UniqueIdentifier>{23fb624f-8964-474f-8f5c-23244a9f4fd4}</UniqueIdentifier>
    </Filter>
    <Filter Include="Source\Logic\ESC\User\Component\pawn">
      <UniqueIdentifier>{1f3d725e-1d9c-4b3d-8f0e-39ee43f9351e}</UniqueIdentifier>
    </Filter>
    <Filter Include="Source\Logic\ESC\User\Component\bullet">
      <UniqueIdentifier>{b670c9a9-86d4-4efa-beb4-74e5a3caeb12}</UniqueIdentifier>
    </Filter>
    <Filter Include="Source\Logic\Pawn\Action">
      <UniqueIdentifier>{c60cf0d0-68a7-4b1a-b844-b26c2794519c}</UniqueIdentifier>
    </Filter>
    <Filter Include="Source\Logic\Pawn\BevTree">
      <UniqueIdentifier>{837e58ec-1634-40ab-84dc-9e7e9b4f037f}</UniqueIdentifier>
    </Filter>
    <Filter Include="Source\Logic\Pawn\Action\base">
      <UniqueIdentifier>{d32ef041-86a0-40a1-94d2-73000950c662}</UniqueIdentifier>
    </Filter>
  </ItemGroup>
  <ItemGroup>
    <ClInclude Include="Source\common\2Ddef.h">
      <Filter>Source\Base\Common</Filter>
    </ClInclude>
    <ClInclude Include="Source\common\AnyData.h">
      <Filter>Source\Base\Common</Filter>
    </ClInclude>
    <ClInclude Include="Source\common\GeniusDef.h">
      <Filter>Source\Base\Common</Filter>
    </ClInclude>
    <ClInclude Include="Source\common\Logger.h">
      <Filter>Source\Base\Common</Filter>
    </ClInclude>
    <ClInclude Include="Source\common\RandUtility.h">
      <Filter>Source\Base\Common</Filter>
    </ClInclude>
    <ClInclude Include="Source\common\Singleton.h">
      <Filter>Source\Base\Common</Filter>
    </ClInclude>
    <ClInclude Include="Source\common\TabFile.h">
      <Filter>Source\Base\Common</Filter>
    </ClInclude>
    <ClInclude Include="Source\common\TimeSystem.h">
      <Filter>Source\Base\Common</Filter>
    </ClInclude>
    <ClInclude Include="Source\data\AnimDataMgr.h">
      <Filter>Source\Base\Data</Filter>
    </ClInclude>
    <ClInclude Include="Source\data\BuffActionDataMgr.h">
      <Filter>Source\Base\Data</Filter>
    </ClInclude>
    <ClInclude Include="Source\data\BuffDataMgr.h">
      <Filter>Source\Base\Data</Filter>
    </ClInclude>
    <ClInclude Include="Source\data\BulletDataMgr.h">
      <Filter>Source\Base\Data</Filter>
    </ClInclude>
    <ClInclude Include="Source\data\DBSystem.h">
      <Filter>Source\Base\Data</Filter>
    </ClInclude>
    <ClInclude Include="Source\data\IDataManager.h">
      <Filter>Source\Base\Data</Filter>
    </ClInclude>
    <ClInclude Include="Source\data\RoleDataMgr.h">
      <Filter>Source\Base\Data</Filter>
    </ClInclude>
    <ClInclude Include="Source\data\SkillDataMgr.h">
      <Filter>Source\Base\Data</Filter>
    </ClInclude>
    <ClInclude Include="Source\event\Event.h">
      <Filter>Source\Base\Event</Filter>
    </ClInclude>
    <ClInclude Include="Source\event\EventManager.h">
      <Filter>Source\Base\Event</Filter>
    </ClInclude>
    <ClInclude Include="Source\gfx\BulletArrow.h">
      <Filter>Source\Base\Gfx</Filter>
    </ClInclude>
    <ClInclude Include="Source\gfx\CocosApp.h">
      <Filter>Source\Base\Gfx</Filter>
    </ClInclude>
    <ClInclude Include="Source\gfx\FloatLabel.h">
      <Filter>Source\Base\Gfx</Filter>
    </ClInclude>
    <ClInclude Include="Source\gfx\gfx.h">
      <Filter>Source\Base\Gfx</Filter>
    </ClInclude>
    <ClInclude Include="Source\gfx\ParticleTail.h">
      <Filter>Source\Base\Gfx</Filter>
    </ClInclude>
    <ClInclude Include="Source\gfx\SceneManager.h">
      <Filter>Source\Base\Gfx</Filter>
    </ClInclude>
    <ClInclude Include="Source\gfx\SystemStatusPanel.h">
      <Filter>Source\Base\Gfx</Filter>
    </ClInclude>
    <ClInclude Include="Source\gfx\UIBar.h">
      <Filter>Source\Base\Gfx</Filter>
    </ClInclude>
    <ClInclude Include="Source\skill\Buff.h">
      <Filter>Source\Logic\Skill</Filter>
    </ClInclude>
    <ClInclude Include="Source\skill\BuffAction.h">
      <Filter>Source\Logic\Skill</Filter>
    </ClInclude>
    <ClInclude Include="Source\skill\BuffSet.h">
      <Filter>Source\Logic\Skill</Filter>
    </ClInclude>
    <ClInclude Include="Source\skill\BuffSystem.h">
      <Filter>Source\Logic\Skill</Filter>
    </ClInclude>
    <ClInclude Include="Source\skill\Skill.h">
      <Filter>Source\Logic\Skill</Filter>
    </ClInclude>
    <ClInclude Include="Source\skill\SkillSet.h">
      <Filter>Source\Logic\Skill</Filter>
    </ClInclude>
    <ClInclude Include="Source\skill\SkillSystem.h">
      <Filter>Source\Logic\Skill</Filter>
    </ClInclude>
    <ClInclude Include="Source\skill\UserActions.h">
      <Filter>Source\Logic\Skill</Filter>
    </ClInclude>
    <ClInclude Include="Source\PawnDefines.h">
      <Filter>Source\Logic\Pawn</Filter>
    </ClInclude>
    <ClInclude Include="Source\AI\BehaviorTree\Behavior.h">
      <Filter>Source\Logic\AI\BevTree</Filter>
    </ClInclude>
    <ClInclude Include="Source\AI\BehaviorTree\BehaviorLoader.h">
      <Filter>Source\Logic\AI\BevTree</Filter>
    </ClInclude>
    <ClInclude Include="Source\AI\BehaviorTree\BehaviorTree.h">
      <Filter>Source\Logic\AI\BevTree</Filter>
    </ClInclude>
    <ClInclude Include="Source\AI\BehaviorTree\Precondition.h">
      <Filter>Source\Logic\AI\BevTree</Filter>
    </ClInclude>
    <ClInclude Include="Source\AI\AI.h">
      <Filter>Source\Logic\AI</Filter>
    </ClInclude>
    <ClInclude Include="Source\AI\AIBaseDef.h">
      <Filter>Source\Logic\AI</Filter>
    </ClInclude>
    <ClInclude Include="Source\ECS\components\GamePlayCom.h">
      <Filter>Source\Logic\ESC\User\Component</Filter>
    </ClInclude>
    <ClInclude Include="Source\ECS\EntityEvents.h">
      <Filter>Source\Logic\ESC\User\Event</Filter>
    </ClInclude>
    <ClInclude Include="Source\GamePlay.h">
      <Filter>Source\Logic\GamePlay</Filter>
    </ClInclude>
    <ClInclude Include="Resource.h">
      <Filter>Source\Base\Win32</Filter>
    </ClInclude>
    <ClInclude Include="targetver.h">
      <Filter>Source\Base\Win32</Filter>
    </ClInclude>
    <ClInclude Include="WinWrapper.h">
      <Filter>Source\Base\Win32</Filter>
    </ClInclude>
    <ClInclude Include="Source\pawn\PawnDefines.h">
      <Filter>Source\Logic\Pawn</Filter>
    </ClInclude>
    <ClInclude Include="Source\common\Performance.h">
      <Filter>Source\Base\Common</Filter>
    </ClInclude>
    <ClInclude Include="Source\gfx\GfxUtils.h">
      <Filter>Source\Base\Gfx</Filter>
    </ClInclude>
    <ClInclude Include="Source\gfx\RollNumberLabel.h">
      <Filter>Source\Base\Gfx</Filter>
    </ClInclude>
    <ClInclude Include="Source\pawn\anim\animSet\AnimSet.h">
      <Filter>Source\Logic\Pawn\Anim\AnimSet</Filter>
    </ClInclude>
    <ClInclude Include="Source\pawn\anim\animState\AnimState.h">
      <Filter>Source\Logic\Pawn\Anim\AnimState</Filter>
    </ClInclude>
    <ClInclude Include="Source\pawn\anim\animFSM\AnimFSM.h">
      <Filter>Source\Logic\Pawn\Anim\AnimFSM</Filter>
    </ClInclude>
    <ClInclude Include="Source\App\AppStatus\AppState.h">
      <Filter>Source\Logic\App\AppStatus</Filter>
    </ClInclude>
    <ClInclude Include="Source\App\AppStatus\AppStateBattle.h">
      <Filter>Source\Logic\App\AppStatus</Filter>
    </ClInclude>
    <ClInclude Include="Source\App\AppStatus\AppStateLoading.h">
      <Filter>Source\Logic\App\AppStatus</Filter>
    </ClInclude>
    <ClInclude Include="Source\App\AppStatus\AppStateLaunch.h">
      <Filter>Source\Logic\App\AppStatus</Filter>
    </ClInclude>
    <ClInclude Include="Source\pawn\anim\animSet\AnimSetSimple.h">
      <Filter>Source\Logic\Pawn\Anim\AnimSet</Filter>
    </ClInclude>
    <ClInclude Include="Source\ECS\core\ECSWorld.h">
      <Filter>Source\Logic\ESC\Core\System</Filter>
    </ClInclude>
    <ClInclude Include="Source\ECS\core\EntityProcessingSystem.h">
      <Filter>Source\Logic\ESC\Core\System</Filter>
    </ClInclude>
    <ClInclude Include="Source\ECS\core\EntitySystem.h">
      <Filter>Source\Logic\ESC\Core\System</Filter>
    </ClInclude>
    <ClInclude Include="Source\ECS\core\GroupManager.h">
      <Filter>Source\Logic\ESC\Core\System</Filter>
    </ClInclude>
    <ClInclude Include="Source\ECS\core\SystemBitManager.h">
      <Filter>Source\Logic\ESC\Core\System</Filter>
    </ClInclude>
    <ClInclude Include="Source\ECS\core\SystemManager.h">
      <Filter>Source\Logic\ESC\Core\System</Filter>
    </ClInclude>
    <ClInclude Include="Source\ECS\core\TagManager.h">
      <Filter>Source\Logic\ESC\Core\System</Filter>
    </ClInclude>
    <ClInclude Include="Source\ECS\core\EntityManager.h">
      <Filter>Source\Logic\ESC\Core\Entity</Filter>
    </ClInclude>
    <ClInclude Include="Source\ECS\core\Entity.h">
      <Filter>Source\Logic\ESC\Core\Entity</Filter>
    </ClInclude>
    <ClInclude Include="Source\ECS\core\BitSize.h">
      <Filter>Source\Logic\ESC\Core\Component</Filter>
    </ClInclude>
    <ClInclude Include="Source\ECS\core\Component.h">
      <Filter>Source\Logic\ESC\Core\Component</Filter>
    </ClInclude>
    <ClInclude Include="Source\ECS\core\ComponentMapper.h">
      <Filter>Source\Logic\ESC\Core\Component</Filter>
    </ClInclude>
    <ClInclude Include="Source\ECS\core\ComponentType.h">
      <Filter>Source\Logic\ESC\Core\Component</Filter>
    </ClInclude>
    <ClInclude Include="Source\ECS\core\ComponentTypeManager.h">
      <Filter>Source\Logic\ESC\Core\Component</Filter>
    </ClInclude>
    <ClInclude Include="Source\ECS\core\ImmutableBag.h">
      <Filter>Source\Logic\ESC\Core\Component</Filter>
    </ClInclude>
    <ClInclude Include="Source\ECS\systems\game\HumanGameControlSystem.h">
      <Filter>Source\Logic\ESC\User\System\GamePlay</Filter>
    </ClInclude>
    <ClInclude Include="Source\ECS\systems\game\MonsterGameControlSystem.h">
      <Filter>Source\Logic\ESC\User\System\GamePlay</Filter>
    </ClInclude>
    <ClInclude Include="Source\pawn\PawnBlackboard.h">
      <Filter>Source\Logic\Pawn</Filter>
    </ClInclude>
    <ClInclude Include="Source\ECS\components\bullet\ComBulletAnimArrow.h">
      <Filter>Source\Logic\ESC\User\Component\bullet</Filter>
    </ClInclude>
    <ClInclude Include="Source\ECS\components\bullet\ComBulletAnimBase.h">
      <Filter>Source\Logic\ESC\User\Component\bullet</Filter>
    </ClInclude>
    <ClInclude Include="Source\ECS\components\bullet\ComBulletAnimBomb.h">
      <Filter>Source\Logic\ESC\User\Component\bullet</Filter>
    </ClInclude>
    <ClInclude Include="Source\ECS\components\bullet\ComBulletAnimEgg.h">
      <Filter>Source\Logic\ESC\User\Component\bullet</Filter>
    </ClInclude>
    <ClInclude Include="Source\ECS\components\bullet\ComBulletDamageNone.h">
      <Filter>Source\Logic\ESC\User\Component\bullet</Filter>
    </ClInclude>
    <ClInclude Include="Source\ECS\components\bullet\ComBulletDamageScope.h">
      <Filter>Source\Logic\ESC\User\Component\bullet</Filter>
    </ClInclude>
    <ClInclude Include="Source\ECS\components\bullet\ComBulletDamageSingle.h">
      <Filter>Source\Logic\ESC\User\Component\bullet</Filter>
    </ClInclude>
    <ClInclude Include="Source\ECS\components\bullet\ComBulletDebugDraw.h">
      <Filter>Source\Logic\ESC\User\Component\bullet</Filter>
    </ClInclude>
    <ClInclude Include="Source\ECS\components\common\ComAnimation.h">
      <Filter>Source\Logic\ESC\User\Component\common</Filter>
    </ClInclude>
    <ClInclude Include="Source\ECS\components\common\ComBezierMovement.h">
      <Filter>Source\Logic\ESC\User\Component\common</Filter>
    </ClInclude>
    <ClInclude Include="Source\ECS\components\common\ComBoxCollider.h">
      <Filter>Source\Logic\ESC\User\Component\common</Filter>
    </ClInclude>
    <ClInclude Include="Source\ECS\components\common\ComColliderHandler.h">
      <Filter>Source\Logic\ESC\User\Component\common</Filter>
    </ClInclude>
    <ClInclude Include="Source\ECS\components\common\ComDelayTrackMovement.h">
      <Filter>Source\Logic\ESC\User\Component\common</Filter>
    </ClInclude>
    <ClInclude Include="Source\ECS\components\common\ComParticle.h">
      <Filter>Source\Logic\ESC\User\Component\common</Filter>
    </ClInclude>
    <ClInclude Include="Source\ECS\components\common\ComPosition.h">
      <Filter>Source\Logic\ESC\User\Component\common</Filter>
    </ClInclude>
    <ClInclude Include="Source\ECS\components\common\ComTarget.h">
      <Filter>Source\Logic\ESC\User\Component\common</Filter>
    </ClInclude>
    <ClInclude Include="Source\ECS\components\common\ComTeam.h">
      <Filter>Source\Logic\ESC\User\Component\common</Filter>
    </ClInclude>
    <ClInclude Include="Source\ECS\components\common\ComVelocity.h">
      <Filter>Source\Logic\ESC\User\Component\common</Filter>
    </ClInclude>
    <ClInclude Include="Source\ECS\components\pawn\ComPawnAgent.h">
      <Filter>Source\Logic\ESC\User\Component\pawn</Filter>
    </ClInclude>
    <ClInclude Include="Source\ECS\components\pawn\ComPawnAnim.h">
      <Filter>Source\Logic\ESC\User\Component\pawn</Filter>
    </ClInclude>
    <ClInclude Include="Source\ECS\components\pawn\ComPawnBevtree.h">
      <Filter>Source\Logic\ESC\User\Component\pawn</Filter>
    </ClInclude>
    <ClInclude Include="Source\ECS\components\pawn\ComPawnDebugDraw.h">
      <Filter>Source\Logic\ESC\User\Component\pawn</Filter>
    </ClInclude>
    <ClInclude Include="Source\ECS\components\pawn\ComPawnDirection.h">
      <Filter>Source\Logic\ESC\User\Component\pawn</Filter>
    </ClInclude>
    <ClInclude Include="Source\ECS\components\pawn\ComPawnFight.h">
      <Filter>Source\Logic\ESC\User\Component\pawn</Filter>
    </ClInclude>
    <ClInclude Include="Source\ECS\components\pawn\ComPawnNavigation.h">
      <Filter>Source\Logic\ESC\User\Component\pawn</Filter>
    </ClInclude>
    <ClInclude Include="Source\ECS\systems\pawn\SystemPawnAnim.h">
      <Filter>Source\Logic\ESC\User\System\Pawn</Filter>
    </ClInclude>
    <ClInclude Include="Source\ECS\systems\pawn\SystemPawnBevtree.h">
      <Filter>Source\Logic\ESC\User\System\Pawn</Filter>
    </ClInclude>
    <ClInclude Include="Source\ECS\systems\pawn\SystemPawnDebugDraw.h">
      <Filter>Source\Logic\ESC\User\System\Pawn</Filter>
    </ClInclude>
    <ClInclude Include="Source\ECS\systems\pawn\SystemPawnDirection.h">
      <Filter>Source\Logic\ESC\User\System\Pawn</Filter>
    </ClInclude>
    <ClInclude Include="Source\ECS\systems\pawn\SystemPawnFight.h">
      <Filter>Source\Logic\ESC\User\System\Pawn</Filter>
    </ClInclude>
    <ClInclude Include="Source\ECS\systems\common\SystemBoxCollider.h">
      <Filter>Source\Logic\ESC\User\System\Common</Filter>
    </ClInclude>
    <ClInclude Include="Source\ECS\systems\common\SystemMovement.h">
      <Filter>Source\Logic\ESC\User\System\Common</Filter>
    </ClInclude>
    <ClInclude Include="Source\ECS\systems\common\SystemSimpleAnim.h">
      <Filter>Source\Logic\ESC\User\System\Common</Filter>
    </ClInclude>
    <ClInclude Include="Source\ECS\systems\bullet\SystemBulletAnim.h">
      <Filter>Source\Logic\ESC\User\System\Bullet</Filter>
    </ClInclude>
    <ClInclude Include="Source\ECS\systems\bullet\SystemBulletArrowAnim.h">
      <Filter>Source\Logic\ESC\User\System\Bullet</Filter>
    </ClInclude>
    <ClInclude Include="Source\ECS\systems\bullet\SystemBulletBombAnim.h">
      <Filter>Source\Logic\ESC\User\System\Bullet</Filter>
    </ClInclude>
    <ClInclude Include="Source\ECS\systems\bullet\SystemBulletDamageNone.h">
      <Filter>Source\Logic\ESC\User\System\Bullet</Filter>
    </ClInclude>
    <ClInclude Include="Source\ECS\systems\bullet\SystemBulletDamageScope.h">
      <Filter>Source\Logic\ESC\User\System\Bullet</Filter>
    </ClInclude>
    <ClInclude Include="Source\ECS\systems\bullet\SystemBulletDamageSingle.h">
      <Filter>Source\Logic\ESC\User\System\Bullet</Filter>
    </ClInclude>
    <ClInclude Include="Source\ECS\systems\bullet\SystemBulletDebugDraw.h">
      <Filter>Source\Logic\ESC\User\System\Bullet</Filter>
    </ClInclude>
    <ClInclude Include="Source\ECS\systems\bullet\SystemBulletEggAnim.h">
      <Filter>Source\Logic\ESC\User\System\Bullet</Filter>
    </ClInclude>
    <ClInclude Include="Source\ECS\systems\bullet\SystemBulletTarget.h">
      <Filter>Source\Logic\ESC\User\System\Bullet</Filter>
    </ClInclude>
    <ClInclude Include="Source\ECS\systems\common\SystemBezierMovement.h">
      <Filter>Source\Logic\ESC\User\System\Common</Filter>
    </ClInclude>
    <ClInclude Include="Source\ECS\systems\common\SystemDelayTrackMovement.h">
      <Filter>Source\Logic\ESC\User\System\Common</Filter>
    </ClInclude>
    <ClInclude Include="Source\ECS\ecs.h">
      <Filter>Source\Logic\ESC</Filter>
    </ClInclude>
    <ClInclude Include="Source\ECS\systems\pawn\SystemPawnNavigation.h">
      <Filter>Source\Logic\ESC\User\System\Pawn</Filter>
    </ClInclude>
    <ClInclude Include="Source\ECS\components\bullet\ComBulletAgent.h">
      <Filter>Source\Logic\ESC\User\Component\bullet</Filter>
    </ClInclude>
    <ClInclude Include="Source\bullet\BulletDefines.h">
      <Filter>Source\Logic\Bullet</Filter>
    </ClInclude>
    <ClInclude Include="Source\entity\EntityCreators.h">
      <Filter>Source\Logic\Entity</Filter>
    </ClInclude>
    <ClInclude Include="Source\App\LoadingManager.h">
      <Filter>Source\Logic\App</Filter>
    </ClInclude>
    <ClInclude Include="Source\App\WarApp.h">
      <Filter>Source\Logic\App</Filter>
    </ClInclude>
    <ClInclude Include="Source\app\Config.h">
      <Filter>Source\Logic\App</Filter>
    </ClInclude>
    <ClInclude Include="Source\app\GameDefine.h">
      <Filter>Source\Logic\App</Filter>
    </ClInclude>
    <ClInclude Include="Source\app\GameUtils.h">
      <Filter>Source\Logic\App</Filter>
    </ClInclude>
    <ClInclude Include="Source\pawn\anim\animFSM\AnimFSMSimple.h">
      <Filter>Source\Logic\Pawn\Anim\AnimFSM</Filter>
    </ClInclude>
    <ClInclude Include="Source\pawn\anim\animState\AnimStateIdle.h">
      <Filter>Source\Logic\Pawn\Anim\AnimState</Filter>
    </ClInclude>
    <ClInclude Include="Source\pawn\action\PawnAction.h">
      <Filter>Source\Logic\Pawn\Action</Filter>
    </ClInclude>
    <ClInclude Include="Source\pawn\action\PawnActionIdle.h">
      <Filter>Source\Logic\Pawn\Action</Filter>
    </ClInclude>
    <ClInclude Include="Source\pawn\action\PawnActionAttackFar.h">
      <Filter>Source\Logic\Pawn\Action</Filter>
    </ClInclude>
    <ClInclude Include="Source\pawn\action\PawnActionAttackNear.h">
      <Filter>Source\Logic\Pawn\Action</Filter>
    </ClInclude>
    <ClInclude Include="Source\pawn\action\PawnActionDie.h">
      <Filter>Source\Logic\Pawn\Action</Filter>
    </ClInclude>
    <ClInclude Include="Source\pawn\action\PawnActionMove.h">
      <Filter>Source\Logic\Pawn\Action</Filter>
    </ClInclude>
    <ClInclude Include="Source\pawn\action\PawnActionSkill1.h">
      <Filter>Source\Logic\Pawn\Action</Filter>
    </ClInclude>
    <ClInclude Include="Source\pawn\action\PawnActionSkill2.h">
      <Filter>Source\Logic\Pawn\Action</Filter>
    </ClInclude>
    <ClInclude Include="Source\pawn\action\PawnActionSkill3.h">
      <Filter>Source\Logic\Pawn\Action</Filter>
    </ClInclude>
    <ClInclude Include="Source\pawn\action\PawnActionFactory.h">
      <Filter>Source\Logic\Pawn\Action\base</Filter>
    </ClInclude>
    <ClInclude Include="Source\pawn\bevtree\BehaviorCreators.h">
      <Filter>Source\Logic\Pawn\BevTree</Filter>
    </ClInclude>
    <ClInclude Include="Source\pawn\bevtree\BehaviorsAndPreconditions.h">
      <Filter>Source\Logic\Pawn\BevTree</Filter>
    </ClInclude>
    <ClInclude Include="Source\pawn\bevtree\PawnBehaviors.h">
      <Filter>Source\Logic\Pawn\BevTree</Filter>
    </ClInclude>
    <ClInclude Include="Source\pawn\bevtree\PawnBHTree.h">
      <Filter>Source\Logic\Pawn\BevTree</Filter>
    </ClInclude>
    <ClInclude Include="Source\pawn\bevtree\PawnPrecondition.h">
      <Filter>Source\Logic\Pawn\BevTree</Filter>
    </ClInclude>
    <ClInclude Include="Source\pawn\action\ActionDefine.h">
      <Filter>Source\Logic\Pawn\Action\base</Filter>
    </ClInclude>
    <ClInclude Include="Source\pawn\action\ActionHandler.h">
      <Filter>Source\Logic\Pawn\Action\base</Filter>
    </ClInclude>
  </ItemGroup>
  <ItemGroup>
    <ResourceCompile Include="DesktopWar.rc">
      <Filter>资源文件</Filter>
    </ResourceCompile>
  </ItemGroup>
  <ItemGroup>
    <Image Include="small.ico">
      <Filter>资源文件</Filter>
    </Image>
    <Image Include="DesktopWar.ico">
      <Filter>资源文件</Filter>
    </Image>
  </ItemGroup>
  <ItemGroup>
    <ClCompile Include="Source\common\Logger.cpp">
      <Filter>Source\Base\Common</Filter>
    </ClCompile>
    <ClCompile Include="Source\common\TabFile.cpp">
      <Filter>Source\Base\Common</Filter>
    </ClCompile>
    <ClCompile Include="Source\common\TimeSystem.cpp">
      <Filter>Source\Base\Common</Filter>
    </ClCompile>
    <ClCompile Include="Source\data\AnimDataMgr.cpp">
      <Filter>Source\Base\Data</Filter>
    </ClCompile>
    <ClCompile Include="Source\data\BuffActionDataMgr.cpp">
      <Filter>Source\Base\Data</Filter>
    </ClCompile>
    <ClCompile Include="Source\data\BuffDataMgr.cpp">
      <Filter>Source\Base\Data</Filter>
    </ClCompile>
    <ClCompile Include="Source\data\BulletDataMg.cpp">
      <Filter>Source\Base\Data</Filter>
    </ClCompile>
    <ClCompile Include="Source\data\DBSystem.cpp">
      <Filter>Source\Base\Data</Filter>
    </ClCompile>
    <ClCompile Include="Source\data\IDataManager.cpp">
      <Filter>Source\Base\Data</Filter>
    </ClCompile>
    <ClCompile Include="Source\data\RoleDataMgr.cpp">
      <Filter>Source\Base\Data</Filter>
    </ClCompile>
    <ClCompile Include="Source\data\SkillDataMgr.cpp">
      <Filter>Source\Base\Data</Filter>
    </ClCompile>
    <ClCompile Include="Source\event\EventManager.cpp">
      <Filter>Source\Base\Event</Filter>
    </ClCompile>
    <ClCompile Include="Source\gfx\BulletArrow.cpp">
      <Filter>Source\Base\Gfx</Filter>
    </ClCompile>
    <ClCompile Include="Source\gfx\CocosApp.cpp">
      <Filter>Source\Base\Gfx</Filter>
    </ClCompile>
    <ClCompile Include="Source\gfx\FloatLabel.cpp">
      <Filter>Source\Base\Gfx</Filter>
    </ClCompile>
    <ClCompile Include="Source\gfx\ParticleTail.cpp">
      <Filter>Source\Base\Gfx</Filter>
    </ClCompile>
    <ClCompile Include="Source\gfx\SceneManager.cpp">
      <Filter>Source\Base\Gfx</Filter>
    </ClCompile>
    <ClCompile Include="Source\gfx\SystemStatusPanel.cpp">
      <Filter>Source\Base\Gfx</Filter>
    </ClCompile>
    <ClCompile Include="Source\gfx\UIBar.cpp">
      <Filter>Source\Base\Gfx</Filter>
    </ClCompile>
    <ClCompile Include="Source\skill\Buff.cpp">
      <Filter>Source\Logic\Skill</Filter>
    </ClCompile>
    <ClCompile Include="Source\skill\BuffAction.cpp">
      <Filter>Source\Logic\Skill</Filter>
    </ClCompile>
    <ClCompile Include="Source\skill\BuffSet.cpp">
      <Filter>Source\Logic\Skill</Filter>
    </ClCompile>
    <ClCompile Include="Source\skill\BuffSystem.cpp">
      <Filter>Source\Logic\Skill</Filter>
    </ClCompile>
    <ClCompile Include="Source\skill\Skill.cpp">
      <Filter>Source\Logic\Skill</Filter>
    </ClCompile>
    <ClCompile Include="Source\skill\SkillSet.cpp">
      <Filter>Source\Logic\Skill</Filter>
    </ClCompile>
    <ClCompile Include="Source\skill\SkillSystem.cpp">
      <Filter>Source\Logic\Skill</Filter>
    </ClCompile>
    <ClCompile Include="Source\skill\UserActions.cpp">
      <Filter>Source\Logic\Skill</Filter>
    </ClCompile>
    <ClCompile Include="Source\AI\BehaviorTree\Behavior.cpp">
      <Filter>Source\Logic\AI\BevTree</Filter>
    </ClCompile>
    <ClCompile Include="Source\AI\BehaviorTree\BehaviorLoader.cpp">
      <Filter>Source\Logic\AI\BevTree</Filter>
    </ClCompile>
    <ClCompile Include="Source\AI\BehaviorTree\BehaviorTree.cpp">
      <Filter>Source\Logic\AI\BevTree</Filter>
    </ClCompile>
    <ClCompile Include="Source\AI\BehaviorTree\Precondition.cpp">
      <Filter>Source\Logic\AI\BevTree</Filter>
    </ClCompile>
    <ClCompile Include="Source\ECS\components\GamePlayCom.cpp">
      <Filter>Source\Logic\ESC\User\Component</Filter>
    </ClCompile>
    <ClCompile Include="Source\GamePlay.cpp">
      <Filter>Source\Logic\GamePlay</Filter>
    </ClCompile>
    <ClCompile Include="Main.cpp">
      <Filter>Source\Base\Win32</Filter>
    </ClCompile>
    <ClCompile Include="Main.cpp">
      <Filter>Source\Base\Win32</Filter>
    </ClCompile>
    <ClCompile Include="WinWrapper.cpp">
      <Filter>Source\Base\Win32</Filter>
    </ClCompile>
    <ClCompile Include="Source\common\Performance.cpp">
      <Filter>Source\Base\Common</Filter>
    </ClCompile>
    <ClCompile Include="Source\gfx\GfxUtils.cpp">
      <Filter>Source\Base\Gfx</Filter>
    </ClCompile>
    <ClCompile Include="Source\gfx\RollNumberLabel.cpp">
      <Filter>Source\Base\Gfx</Filter>
    </ClCompile>
    <ClCompile Include="Source\pawn\anim\animSet\AnimSet.cpp">
      <Filter>Source\Logic\Pawn\Anim\AnimSet</Filter>
    </ClCompile>
    <ClCompile Include="Source\pawn\anim\animState\AnimState.cpp">
      <Filter>Source\Logic\Pawn\Anim\AnimState</Filter>
    </ClCompile>
    <ClCompile Include="Source\pawn\anim\animFSM\AnimFSM.cpp">
      <Filter>Source\Logic\Pawn\Anim\AnimFSM</Filter>
    </ClCompile>
    <ClCompile Include="Source\App\AppStatus\AppState.cpp">
      <Filter>Source\Logic\App\AppStatus</Filter>
    </ClCompile>
    <ClCompile Include="Source\App\AppStatus\AppStateBattle.cpp">
      <Filter>Source\Logic\App\AppStatus</Filter>
    </ClCompile>
    <ClCompile Include="Source\App\AppStatus\AppStateLoading.cpp">
      <Filter>Source\Logic\App\AppStatus</Filter>
    </ClCompile>
    <ClCompile Include="Source\App\AppStatus\AppStateLaunch.cpp">
      <Filter>Source\Logic\App\AppStatus</Filter>
    </ClCompile>
    <ClCompile Include="Source\pawn\anim\animSet\AnimSetSimple.cpp">
      <Filter>Source\Logic\Pawn\Anim\AnimSet</Filter>
    </ClCompile>
    <ClCompile Include="Source\ECS\core\ECSWorld.cpp">
      <Filter>Source\Logic\ESC\Core\System</Filter>
    </ClCompile>
    <ClCompile Include="Source\ECS\core\EntityProcessingSystem.cpp">
      <Filter>Source\Logic\ESC\Core\System</Filter>
    </ClCompile>
    <ClCompile Include="Source\ECS\core\EntitySystem.cpp">
      <Filter>Source\Logic\ESC\Core\System</Filter>
    </ClCompile>
    <ClCompile Include="Source\ECS\core\GroupManager.cpp">
      <Filter>Source\Logic\ESC\Core\System</Filter>
    </ClCompile>
    <ClCompile Include="Source\ECS\core\SystemBitManager.cpp">
      <Filter>Source\Logic\ESC\Core\System</Filter>
    </ClCompile>
    <ClCompile Include="Source\ECS\core\SystemManager.cpp">
      <Filter>Source\Logic\ESC\Core\System</Filter>
    </ClCompile>
    <ClCompile Include="Source\ECS\core\TagManager.cpp">
      <Filter>Source\Logic\ESC\Core\System</Filter>
    </ClCompile>
    <ClCompile Include="Source\ECS\core\Entity.cpp">
      <Filter>Source\Logic\ESC\Core\Entity</Filter>
    </ClCompile>
    <ClCompile Include="Source\ECS\core\EntityManager.cpp">
      <Filter>Source\Logic\ESC\Core\Entity</Filter>
    </ClCompile>
    <ClCompile Include="Source\ECS\core\Component.cpp">
      <Filter>Source\Logic\ESC\Core\Component</Filter>
    </ClCompile>
    <ClCompile Include="Source\ECS\core\ComponentType.cpp">
      <Filter>Source\Logic\ESC\Core\Component</Filter>
    </ClCompile>
    <ClCompile Include="Source\ECS\core\ComponentTypeManager.cpp">
      <Filter>Source\Logic\ESC\Core\Component</Filter>
    </ClCompile>
    <ClCompile Include="Source\ECS\systems\game\HumanGameControlSystem.cpp">
      <Filter>Source\Logic\ESC\User\System\GamePlay</Filter>
    </ClCompile>
    <ClCompile Include="Source\ECS\systems\game\MonsterGameControlSystem.cpp">
      <Filter>Source\Logic\ESC\User\System\GamePlay</Filter>
    </ClCompile>
    <ClCompile Include="Source\pawn\PawnBlackboard.cpp">
      <Filter>Source\Logic\Pawn</Filter>
    </ClCompile>
    <ClCompile Include="Source\ECS\components\bullet\ComBulletAnimArrow.cpp">
      <Filter>Source\Logic\ESC\User\Component\bullet</Filter>
    </ClCompile>
    <ClCompile Include="Source\ECS\components\bullet\ComBulletAnimBase.cpp">
      <Filter>Source\Logic\ESC\User\Component\bullet</Filter>
    </ClCompile>
    <ClCompile Include="Source\ECS\components\bullet\ComBulletAnimBomb.cpp">
      <Filter>Source\Logic\ESC\User\Component\bullet</Filter>
    </ClCompile>
    <ClCompile Include="Source\ECS\components\bullet\ComBulletAnimEgg.cpp">
      <Filter>Source\Logic\ESC\User\Component\bullet</Filter>
    </ClCompile>
    <ClCompile Include="Source\ECS\components\bullet\ComBulletDamageNone.cpp">
      <Filter>Source\Logic\ESC\User\Component\bullet</Filter>
    </ClCompile>
    <ClCompile Include="Source\ECS\components\bullet\ComBulletDamageScope.cpp">
      <Filter>Source\Logic\ESC\User\Component\bullet</Filter>
    </ClCompile>
    <ClCompile Include="Source\ECS\components\bullet\ComBulletDamageSingle.cpp">
      <Filter>Source\Logic\ESC\User\Component\bullet</Filter>
    </ClCompile>
    <ClCompile Include="Source\ECS\components\bullet\ComBulletDebugDraw.cpp">
      <Filter>Source\Logic\ESC\User\Component\bullet</Filter>
    </ClCompile>
    <ClCompile Include="Source\ECS\components\common\ComAnimation.cpp">
      <Filter>Source\Logic\ESC\User\Component\common</Filter>
    </ClCompile>
    <ClCompile Include="Source\ECS\components\common\ComBezierMovement.cpp">
      <Filter>Source\Logic\ESC\User\Component\common</Filter>
    </ClCompile>
    <ClCompile Include="Source\ECS\components\common\ComBoxCollider.cpp">
      <Filter>Source\Logic\ESC\User\Component\common</Filter>
    </ClCompile>
    <ClCompile Include="Source\ECS\components\common\ComColliderHandler.cpp">
      <Filter>Source\Logic\ESC\User\Component\common</Filter>
    </ClCompile>
    <ClCompile Include="Source\ECS\components\common\ComDelayTrackMovement.cpp">
      <Filter>Source\Logic\ESC\User\Component\common</Filter>
    </ClCompile>
    <ClCompile Include="Source\ECS\components\common\ComParticle.cpp">
      <Filter>Source\Logic\ESC\User\Component\common</Filter>
    </ClCompile>
    <ClCompile Include="Source\ECS\components\common\ComPosition.cpp">
      <Filter>Source\Logic\ESC\User\Component\common</Filter>
    </ClCompile>
    <ClCompile Include="Source\ECS\components\common\ComTarget.cpp">
      <Filter>Source\Logic\ESC\User\Component\common</Filter>
    </ClCompile>
    <ClCompile Include="Source\ECS\components\common\ComTeam.cpp">
      <Filter>Source\Logic\ESC\User\Component\common</Filter>
    </ClCompile>
    <ClCompile Include="Source\ECS\components\common\ComVelocity.cpp">
      <Filter>Source\Logic\ESC\User\Component\common</Filter>
    </ClCompile>
    <ClCompile Include="Source\ECS\components\pawn\ComPawnAgent.cpp">
      <Filter>Source\Logic\ESC\User\Component\pawn</Filter>
    </ClCompile>
    <ClCompile Include="Source\ECS\components\pawn\ComPawnAnim.cpp">
      <Filter>Source\Logic\ESC\User\Component\pawn</Filter>
    </ClCompile>
    <ClCompile Include="Source\ECS\components\pawn\ComPawnBevtree.cpp">
      <Filter>Source\Logic\ESC\User\Component\pawn</Filter>
    </ClCompile>
    <ClCompile Include="Source\ECS\components\pawn\ComPawnDebugDraw.cpp">
      <Filter>Source\Logic\ESC\User\Component\pawn</Filter>
    </ClCompile>
    <ClCompile Include="Source\ECS\components\pawn\ComPawnDirection.cpp">
      <Filter>Source\Logic\ESC\User\Component\pawn</Filter>
    </ClCompile>
    <ClCompile Include="Source\ECS\components\pawn\ComPawnFight.cpp">
      <Filter>Source\Logic\ESC\User\Component\pawn</Filter>
    </ClCompile>
    <ClCompile Include="Source\ECS\components\pawn\ComPawnNavigation.cpp">
      <Filter>Source\Logic\ESC\User\Component\pawn</Filter>
    </ClCompile>
    <ClCompile Include="Source\ECS\systems\pawn\SystemPawnAnim.cpp">
      <Filter>Source\Logic\ESC\User\System\Pawn</Filter>
    </ClCompile>
    <ClCompile Include="Source\ECS\systems\pawn\SystemPawnBevtree.cpp">
      <Filter>Source\Logic\ESC\User\System\Pawn</Filter>
    </ClCompile>
    <ClCompile Include="Source\ECS\systems\pawn\SystemPawnDebugDraw.cpp">
      <Filter>Source\Logic\ESC\User\System\Pawn</Filter>
    </ClCompile>
    <ClCompile Include="Source\ECS\systems\pawn\SystemPawnDirection.cpp">
      <Filter>Source\Logic\ESC\User\System\Pawn</Filter>
    </ClCompile>
    <ClCompile Include="Source\ECS\systems\pawn\SystemPawnFight.cpp">
      <Filter>Source\Logic\ESC\User\System\Pawn</Filter>
    </ClCompile>
    <ClCompile Include="Source\ECS\systems\common\SystemBoxCollider.cpp">
      <Filter>Source\Logic\ESC\User\System\Common</Filter>
    </ClCompile>
    <ClCompile Include="Source\ECS\systems\common\SystemMovement.cpp">
      <Filter>Source\Logic\ESC\User\System\Common</Filter>
    </ClCompile>
    <ClCompile Include="Source\ECS\systems\common\SystemSimpleAnim.cpp">
      <Filter>Source\Logic\ESC\User\System\Common</Filter>
    </ClCompile>
    <ClCompile Include="Source\ECS\systems\bullet\SystemBulletAnim.cpp">
      <Filter>Source\Logic\ESC\User\System\Bullet</Filter>
    </ClCompile>
    <ClCompile Include="Source\ECS\systems\bullet\SystemBulletArrowAnim.cpp">
      <Filter>Source\Logic\ESC\User\System\Bullet</Filter>
    </ClCompile>
    <ClCompile Include="Source\ECS\systems\bullet\SystemBulletBombAnim.cpp">
      <Filter>Source\Logic\ESC\User\System\Bullet</Filter>
    </ClCompile>
    <ClCompile Include="Source\ECS\systems\bullet\SystemBulletDamageNone.cpp">
      <Filter>Source\Logic\ESC\User\System\Bullet</Filter>
    </ClCompile>
    <ClCompile Include="Source\ECS\systems\bullet\SystemBulletDamageScope.cpp">
      <Filter>Source\Logic\ESC\User\System\Bullet</Filter>
    </ClCompile>
    <ClCompile Include="Source\ECS\systems\bullet\SystemBulletDamageSingle.cpp">
      <Filter>Source\Logic\ESC\User\System\Bullet</Filter>
    </ClCompile>
    <ClCompile Include="Source\ECS\systems\bullet\SystemBulletDebugDraw.cpp">
      <Filter>Source\Logic\ESC\User\System\Bullet</Filter>
    </ClCompile>
    <ClCompile Include="Source\ECS\systems\bullet\SystemBulletEggAnim.cpp">
      <Filter>Source\Logic\ESC\User\System\Bullet</Filter>
    </ClCompile>
    <ClCompile Include="Source\ECS\systems\bullet\SystemBulletTarget.cpp">
      <Filter>Source\Logic\ESC\User\System\Bullet</Filter>
    </ClCompile>
    <ClCompile Include="Source\ECS\systems\common\SystemBezierMovement.cpp">
      <Filter>Source\Logic\ESC\User\System\Common</Filter>
    </ClCompile>
    <ClCompile Include="Source\ECS\systems\common\SystemDelayTrackMovement.cpp">
      <Filter>Source\Logic\ESC\User\System\Common</Filter>
    </ClCompile>
    <ClCompile Include="Source\ECS\systems\pawn\SystemPawnNavigation.cpp">
      <Filter>Source\Logic\ESC\User\System\Pawn</Filter>
    </ClCompile>
    <ClCompile Include="Source\ECS\components\bullet\ComBulletAgent.cpp">
      <Filter>Source\Logic\ESC\User\Component\bullet</Filter>
    </ClCompile>
    <ClCompile Include="Source\entity\EntityCreators.cpp">
      <Filter>Source\Logic\Entity</Filter>
    </ClCompile>
    <ClCompile Include="Source\App\LoadingManager.cpp">
      <Filter>Source\Logic\App</Filter>
    </ClCompile>
    <ClCompile Include="Source\App\WarApp.cpp">
      <Filter>Source\Logic\App</Filter>
    </ClCompile>
    <ClCompile Include="Source\app\GameDefine.cpp">
      <Filter>Source\Logic\App</Filter>
    </ClCompile>
    <ClCompile Include="Source\pawn\anim\animFSM\AnimFSMSimple.cpp">
      <Filter>Source\Logic\Pawn\Anim\AnimFSM</Filter>
    </ClCompile>
    <ClCompile Include="Source\pawn\anim\animState\AnimStateIdle.cpp">
      <Filter>Source\Logic\Pawn\Anim\AnimState</Filter>
    </ClCompile>
    <ClCompile Include="Source\pawn\action\PawnAction.cpp">
      <Filter>Source\Logic\Pawn\Action</Filter>
    </ClCompile>
    <ClCompile Include="Source\pawn\action\PawnActionIdle.cpp">
      <Filter>Source\Logic\Pawn\Action</Filter>
    </ClCompile>
    <ClCompile Include="Source\pawn\action\PawnActionAttackFar.cpp">
      <Filter>Source\Logic\Pawn\Action</Filter>
    </ClCompile>
    <ClCompile Include="Source\pawn\action\PawnActionAttackNear.cpp">
      <Filter>Source\Logic\Pawn\Action</Filter>
    </ClCompile>
    <ClCompile Include="Source\pawn\action\PawnActionDie.cpp">
      <Filter>Source\Logic\Pawn\Action</Filter>
    </ClCompile>
    <ClCompile Include="Source\pawn\action\PawnActionMove.cpp">
      <Filter>Source\Logic\Pawn\Action</Filter>
    </ClCompile>
    <ClCompile Include="Source\pawn\action\PawnActionSkill1.cpp">
      <Filter>Source\Logic\Pawn\Action</Filter>
    </ClCompile>
    <ClCompile Include="Source\pawn\action\PawnActionSkill2.cpp">
      <Filter>Source\Logic\Pawn\Action</Filter>
    </ClCompile>
    <ClCompile Include="Source\pawn\action\PawnActionSkill3.cpp">
      <Filter>Source\Logic\Pawn\Action</Filter>
    </ClCompile>
    <ClCompile Include="Source\pawn\action\PawnActionFactory.cpp">
      <Filter>Source\Logic\Pawn\Action\base</Filter>
    </ClCompile>
    <ClCompile Include="Source\pawn\bevtree\BehaviorCreators.cpp">
      <Filter>Source\Logic\Pawn\BevTree</Filter>
    </ClCompile>
    <ClCompile Include="Source\pawn\bevtree\PawnBehaviors.cpp">
      <Filter>Source\Logic\Pawn\BevTree</Filter>
    </ClCompile>
    <ClCompile Include="Source\pawn\bevtree\PawnBHTree.cpp">
      <Filter>Source\Logic\Pawn\BevTree</Filter>
    </ClCompile>
    <ClCompile Include="Source\pawn\bevtree\PawnPrecondition.cpp">
      <Filter>Source\Logic\Pawn\BevTree</Filter>
    </ClCompile>
  </ItemGroup>
</Project>